
Microsoft Visual Studio Solution File, Format Version 12.00
# Visual Studio Version 17
VisualStudioVersion = 17.2.32630.192
MinimumVisualStudioVersion = 10.0.40219.1
Project("{FAE04EC0-301F-11D3-BF4B-00C04F79EFBC}") = "Winsky.UnitTestBuilder", "Winsky.UnitTestBuilder\Winsky.UnitTestBuilder.csproj", "{91ABC281-8B8E-4B0B-8EF5-A40F3653CD41}"
EndProject
Project("{FAE04EC0-301F-11D3-BF4B-00C04F79EFBC}") = "LibraryToBeTested", "LibraryToBeTested\LibraryToBeTested.csproj", "{523F8B24-40F3-4F25-AD5D-2CD84C48F1A6}"
EndProject
Global
	GlobalSection(SolutionConfigurationPlatforms) = preSolution
		Debug|Any CPU = Debug|Any CPU
		Release|Any CPU = Release|Any CPU
	EndGlobalSection
	GlobalSection(ProjectConfigurationPlatforms) = postSolution
		{91ABC281-8B8E-4B0B-8EF5-A40F3653CD41}.Debug|Any CPU.ActiveCfg = Debug|Any CPU
		{91ABC281-8B8E-4B0B-8EF5-A40F3653CD41}.Debug|Any CPU.Build.0 = Debug|Any CPU
		{91ABC281-8B8E-4B0B-8EF5-A40F3653CD41}.Release|Any CPU.ActiveCfg = Release|Any CPU
		{91ABC281-8B8E-4B0B-8EF5-A40F3653CD41}.Release|Any CPU.Build.0 = Release|Any CPU
		{523F8B24-40F3-4F25-AD5D-2CD84C48F1A6}.Debug|Any CPU.ActiveCfg = Debug|Any CPU
		{523F8B24-40F3-4F25-AD5D-2CD84C48F1A6}.Debug|Any CPU.Build.0 = Debug|Any CPU
		{523F8B24-40F3-4F25-AD5D-2CD84C48F1A6}.Release|Any CPU.ActiveCfg = Release|Any CPU
		{523F8B24-40F3-4F25-AD5D-2CD84C48F1A6}.Release|Any CPU.Build.0 = Release|Any CPU
	EndGlobalSection
	GlobalSection(SolutionProperties) = preSolution
		HideSolutionNode = FALSE
	EndGlobalSection
	GlobalSection(ExtensibilityGlobals) = postSolution
		SolutionGuid = {88294EF8-EB64-4DC1-BCCF-DFBAD37B6201}
	EndGlobalSection
EndGlobal
